// !$*UTF8*$!
{
	archiveVersion = 1;
	classes = {
	};
	objectVersion = 55;
	objects = {

/* Begin PBXBuildFile section */
		A21F714E289A9A0100048B2D /* ImageUploadService.swift in Sources */ = {isa = PBXBuildFile; fileRef = A21F714D289A9A0100048B2D /* ImageUploadService.swift */; };
		A21F7151289A9A2C00048B2D /* FirebaseStorage in Frameworks */ = {isa = PBXBuildFile; productRef = A21F7150289A9A2C00048B2D /* FirebaseStorage */; };
		A21F7154289AA14C00048B2D /* Kingfisher in Frameworks */ = {isa = PBXBuildFile; productRef = A21F7153289AA14C00048B2D /* Kingfisher */; };
		A21F7156289AAC7700048B2D /* AddNewPostViewModel.swift in Sources */ = {isa = PBXBuildFile; fileRef = A21F7155289AAC7700048B2D /* AddNewPostViewModel.swift */; };
		A21F7158289AD57500048B2D /* UIButton+Indicator.swift in Sources */ = {isa = PBXBuildFile; fileRef = A21F7157289AD57500048B2D /* UIButton+Indicator.swift */; };
		A27CE58B2894001C002385F4 /* AppDelegate.swift in Sources */ = {isa = PBXBuildFile; fileRef = A27CE58A2894001C002385F4 /* AppDelegate.swift */; };
		A27CE58F2894001C002385F4 /* LoginViewController.swift in Sources */ = {isa = PBXBuildFile; fileRef = A27CE58E2894001C002385F4 /* LoginViewController.swift */; };
		A27CE59428940020002385F4 /* Assets.xcassets in Resources */ = {isa = PBXBuildFile; fileRef = A27CE59328940020002385F4 /* Assets.xcassets */; };
		A27CE59728940020002385F4 /* LaunchScreen.storyboard in Resources */ = {isa = PBXBuildFile; fileRef = A27CE59528940020002385F4 /* LaunchScreen.storyboard */; };
		A27CE5A228940020002385F4 /* Pika_PikaTests.swift in Sources */ = {isa = PBXBuildFile; fileRef = A27CE5A128940020002385F4 /* Pika_PikaTests.swift */; };
		A27CE5BF28940B0D002385F4 /* SnapKit in Frameworks */ = {isa = PBXBuildFile; productRef = A27CE5BE28940B0D002385F4 /* SnapKit */; };
		A27CE5C12894106B002385F4 /* UIColorX.swift in Sources */ = {isa = PBXBuildFile; fileRef = A27CE5C02894106B002385F4 /* UIColorX.swift */; };
		A27CE5C628941A25002385F4 /* GoogleService-Info.plist in Resources */ = {isa = PBXBuildFile; fileRef = A27CE5C528941A25002385F4 /* GoogleService-Info.plist */; };
		A27CE5C928941E69002385F4 /* FirebaseAuthService.swift in Sources */ = {isa = PBXBuildFile; fileRef = A27CE5C828941E69002385F4 /* FirebaseAuthService.swift */; };
		A27CE5D2289425EE002385F4 /* AuthenticationViewModel.swift in Sources */ = {isa = PBXBuildFile; fileRef = A27CE5D1289425EE002385F4 /* AuthenticationViewModel.swift */; };
		A27CE5D6289438A3002385F4 /* UIControlEventHandler.swift in Sources */ = {isa = PBXBuildFile; fileRef = A27CE5D5289438A3002385F4 /* UIControlEventHandler.swift */; };
		A27CE5D928943BF0002385F4 /* Error.swift in Sources */ = {isa = PBXBuildFile; fileRef = A27CE5D828943BF0002385F4 /* Error.swift */; };
		A27CE5DB28943D39002385F4 /* UIAlertX.swift in Sources */ = {isa = PBXBuildFile; fileRef = A27CE5DA28943D39002385F4 /* UIAlertX.swift */; };
		A27CE5DF2894430C002385F4 /* TimelineViewController.swift in Sources */ = {isa = PBXBuildFile; fileRef = A27CE5DE2894430C002385F4 /* TimelineViewController.swift */; };
		A27CE5E4289447A6002385F4 /* TabBarController.swift in Sources */ = {isa = PBXBuildFile; fileRef = A27CE5E3289447A6002385F4 /* TabBarController.swift */; };
		A27CE5E628944830002385F4 /* UIViewX.swift in Sources */ = {isa = PBXBuildFile; fileRef = A27CE5E528944830002385F4 /* UIViewX.swift */; };
		A27CE5E828944C8E002385F4 /* UIWindowX.swift in Sources */ = {isa = PBXBuildFile; fileRef = A27CE5E728944C8E002385F4 /* UIWindowX.swift */; };
		A27CE5EA28944E8D002385F4 /* AccountViewController.swift in Sources */ = {isa = PBXBuildFile; fileRef = A27CE5E928944E8D002385F4 /* AccountViewController.swift */; };
		A27CE5ED28945167002385F4 /* PikachuButton.swift in Sources */ = {isa = PBXBuildFile; fileRef = A27CE5EC28945167002385F4 /* PikachuButton.swift */; };
		A27CE5EF2894C195002385F4 /* TextField.swift in Sources */ = {isa = PBXBuildFile; fileRef = A27CE5EE2894C195002385F4 /* TextField.swift */; };
		A27CE5F72894F068002385F4 /* FirebaseAuth in Frameworks */ = {isa = PBXBuildFile; productRef = A27CE5F62894F068002385F4 /* FirebaseAuth */; };
		A27CE5F92894F068002385F4 /* FirebaseFirestore in Frameworks */ = {isa = PBXBuildFile; productRef = A27CE5F82894F068002385F4 /* FirebaseFirestore */; };
		A27CE5FB2894F068002385F4 /* FirebaseFirestoreSwift in Frameworks */ = {isa = PBXBuildFile; productRef = A27CE5FA2894F068002385F4 /* FirebaseFirestoreSwift */; };
		A27CE5FF2894F31F002385F4 /* UserService.swift in Sources */ = {isa = PBXBuildFile; fileRef = A27CE5FE2894F31F002385F4 /* UserService.swift */; };
		A27CE6012894F4CC002385F4 /* User.swift in Sources */ = {isa = PBXBuildFile; fileRef = A27CE6002894F4CC002385F4 /* User.swift */; };
		A27CE6032894F4FD002385F4 /* Feed.swift in Sources */ = {isa = PBXBuildFile; fileRef = A27CE6022894F4FD002385F4 /* Feed.swift */; };
		A27CE6052894F82D002385F4 /* TimelineService.swift in Sources */ = {isa = PBXBuildFile; fileRef = A27CE6042894F82D002385F4 /* TimelineService.swift */; };
		A27CE6092895088A002385F4 /* BottomLabelView.swift in Sources */ = {isa = PBXBuildFile; fileRef = A27CE6082895088A002385F4 /* BottomLabelView.swift */; };
		A27CE60B28950D4F002385F4 /* RegisterViewController.swift in Sources */ = {isa = PBXBuildFile; fileRef = A27CE60A28950D4F002385F4 /* RegisterViewController.swift */; };
		A27CE60D289517B9002385F4 /* TimelineViewModel.swift in Sources */ = {isa = PBXBuildFile; fileRef = A27CE60C289517B9002385F4 /* TimelineViewModel.swift */; };
		A27CE60F28954A0B002385F4 /* AddNewPostViewController.swift in Sources */ = {isa = PBXBuildFile; fileRef = A27CE60E28954A0B002385F4 /* AddNewPostViewController.swift */; };
		A27CE612289575A2002385F4 /* FeedTableViewCell.swift in Sources */ = {isa = PBXBuildFile; fileRef = A27CE611289575A2002385F4 /* FeedTableViewCell.swift */; };
		A27CE61428958066002385F4 /* DateX.swift in Sources */ = {isa = PBXBuildFile; fileRef = A27CE61328958066002385F4 /* DateX.swift */; };
		A27CE61828962C4A002385F4 /* PopoverViewController.swift in Sources */ = {isa = PBXBuildFile; fileRef = A27CE61728962C4A002385F4 /* PopoverViewController.swift */; };
		A2CE8B5528964FA7002DD5E3 /* TimelineRouter.swift in Sources */ = {isa = PBXBuildFile; fileRef = A2CE8B5428964FA7002DD5E3 /* TimelineRouter.swift */; };
		A2CE8B57289651BE002DD5E3 /* ThreedotMenu.swift in Sources */ = {isa = PBXBuildFile; fileRef = A2CE8B56289651BE002DD5E3 /* ThreedotMenu.swift */; };
		A2CE8B6028967819002DD5E3 /* ArrayX.swift in Sources */ = {isa = PBXBuildFile; fileRef = A2CE8B5F28967819002DD5E3 /* ArrayX.swift */; };
		A2CE8B6328994647002DD5E3 /* ImagePicker.swift in Sources */ = {isa = PBXBuildFile; fileRef = A2CE8B6228994647002DD5E3 /* ImagePicker.swift */; };
		A2FEF245289C107E003E5BCB /* MockUserService.swift in Sources */ = {isa = PBXBuildFile; fileRef = A2FEF242289C107E003E5BCB /* MockUserService.swift */; };
		A2FEF246289C107E003E5BCB /* MockFirebaseAuthService.swift in Sources */ = {isa = PBXBuildFile; fileRef = A2FEF243289C107E003E5BCB /* MockFirebaseAuthService.swift */; };
		A2FEF248289C10C8003E5BCB /* AuthenticationViewModelTest.swift in Sources */ = {isa = PBXBuildFile; fileRef = A2FEF247289C10C8003E5BCB /* AuthenticationViewModelTest.swift */; };
/* End PBXBuildFile section */

/* Begin PBXContainerItemProxy section */
		A27CE59E28940020002385F4 /* PBXContainerItemProxy */ = {
			isa = PBXContainerItemProxy;
			containerPortal = A27CE57F2894001C002385F4 /* Project object */;
			proxyType = 1;
			remoteGlobalIDString = A27CE5862894001C002385F4;
			remoteInfo = "Pika Pika";
		};
/* End PBXContainerItemProxy section */

/* Begin PBXFileReference section */
		A21F714D289A9A0100048B2D /* ImageUploadService.swift */ = {isa = PBXFileReference; lastKnownFileType = sourcecode.swift; path = ImageUploadService.swift; sourceTree = "<group>"; };
		A21F7155289AAC7700048B2D /* AddNewPostViewModel.swift */ = {isa = PBXFileReference; lastKnownFileType = sourcecode.swift; path = AddNewPostViewModel.swift; sourceTree = "<group>"; };
		A21F7157289AD57500048B2D /* UIButton+Indicator.swift */ = {isa = PBXFileReference; lastKnownFileType = sourcecode.swift; path = "UIButton+Indicator.swift"; sourceTree = "<group>"; };
		A27CE5872894001C002385F4 /* Pika Pika.app */ = {isa = PBXFileReference; explicitFileType = wrapper.application; includeInIndex = 0; path = "Pika Pika.app"; sourceTree = BUILT_PRODUCTS_DIR; };
		A27CE58A2894001C002385F4 /* AppDelegate.swift */ = {isa = PBXFileReference; lastKnownFileType = sourcecode.swift; path = AppDelegate.swift; sourceTree = "<group>"; };
		A27CE58E2894001C002385F4 /* LoginViewController.swift */ = {isa = PBXFileReference; lastKnownFileType = sourcecode.swift; path = LoginViewController.swift; sourceTree = "<group>"; };
		A27CE59328940020002385F4 /* Assets.xcassets */ = {isa = PBXFileReference; lastKnownFileType = folder.assetcatalog; path = Assets.xcassets; sourceTree = "<group>"; };
		A27CE59628940020002385F4 /* Base */ = {isa = PBXFileReference; lastKnownFileType = file.storyboard; name = Base; path = Base.lproj/LaunchScreen.storyboard; sourceTree = "<group>"; };
		A27CE59828940020002385F4 /* Info.plist */ = {isa = PBXFileReference; lastKnownFileType = text.plist.xml; path = Info.plist; sourceTree = "<group>"; };
		A27CE59D28940020002385F4 /* Pika PikaTests.xctest */ = {isa = PBXFileReference; explicitFileType = wrapper.cfbundle; includeInIndex = 0; path = "Pika PikaTests.xctest"; sourceTree = BUILT_PRODUCTS_DIR; };
		A27CE5A128940020002385F4 /* Pika_PikaTests.swift */ = {isa = PBXFileReference; lastKnownFileType = sourcecode.swift; path = Pika_PikaTests.swift; sourceTree = "<group>"; };
		A27CE5C02894106B002385F4 /* UIColorX.swift */ = {isa = PBXFileReference; lastKnownFileType = sourcecode.swift; path = UIColorX.swift; sourceTree = "<group>"; };
		A27CE5C528941A25002385F4 /* GoogleService-Info.plist */ = {isa = PBXFileReference; fileEncoding = 4; lastKnownFileType = text.plist.xml; path = "GoogleService-Info.plist"; sourceTree = "<group>"; };
		A27CE5C828941E69002385F4 /* FirebaseAuthService.swift */ = {isa = PBXFileReference; lastKnownFileType = sourcecode.swift; path = FirebaseAuthService.swift; sourceTree = "<group>"; };
		A27CE5D1289425EE002385F4 /* AuthenticationViewModel.swift */ = {isa = PBXFileReference; lastKnownFileType = sourcecode.swift; path = AuthenticationViewModel.swift; sourceTree = "<group>"; };
		A27CE5D5289438A3002385F4 /* UIControlEventHandler.swift */ = {isa = PBXFileReference; lastKnownFileType = sourcecode.swift; path = UIControlEventHandler.swift; sourceTree = "<group>"; };
		A27CE5D828943BF0002385F4 /* Error.swift */ = {isa = PBXFileReference; lastKnownFileType = sourcecode.swift; path = Error.swift; sourceTree = "<group>"; };
		A27CE5DA28943D39002385F4 /* UIAlertX.swift */ = {isa = PBXFileReference; lastKnownFileType = sourcecode.swift; path = UIAlertX.swift; sourceTree = "<group>"; };
		A27CE5DE2894430C002385F4 /* TimelineViewController.swift */ = {isa = PBXFileReference; lastKnownFileType = sourcecode.swift; path = TimelineViewController.swift; sourceTree = "<group>"; };
		A27CE5E3289447A6002385F4 /* TabBarController.swift */ = {isa = PBXFileReference; lastKnownFileType = sourcecode.swift; path = TabBarController.swift; sourceTree = "<group>"; };
		A27CE5E528944830002385F4 /* UIViewX.swift */ = {isa = PBXFileReference; lastKnownFileType = sourcecode.swift; path = UIViewX.swift; sourceTree = "<group>"; };
		A27CE5E728944C8E002385F4 /* UIWindowX.swift */ = {isa = PBXFileReference; lastKnownFileType = sourcecode.swift; path = UIWindowX.swift; sourceTree = "<group>"; };
		A27CE5E928944E8D002385F4 /* AccountViewController.swift */ = {isa = PBXFileReference; lastKnownFileType = sourcecode.swift; path = AccountViewController.swift; sourceTree = "<group>"; };
		A27CE5EC28945167002385F4 /* PikachuButton.swift */ = {isa = PBXFileReference; lastKnownFileType = sourcecode.swift; path = PikachuButton.swift; sourceTree = "<group>"; };
		A27CE5EE2894C195002385F4 /* TextField.swift */ = {isa = PBXFileReference; lastKnownFileType = sourcecode.swift; path = TextField.swift; sourceTree = "<group>"; };
		A27CE5FE2894F31F002385F4 /* UserService.swift */ = {isa = PBXFileReference; lastKnownFileType = sourcecode.swift; path = UserService.swift; sourceTree = "<group>"; };
		A27CE6002894F4CC002385F4 /* User.swift */ = {isa = PBXFileReference; lastKnownFileType = sourcecode.swift; path = User.swift; sourceTree = "<group>"; };
		A27CE6022894F4FD002385F4 /* Feed.swift */ = {isa = PBXFileReference; lastKnownFileType = sourcecode.swift; path = Feed.swift; sourceTree = "<group>"; };
		A27CE6042894F82D002385F4 /* TimelineService.swift */ = {isa = PBXFileReference; lastKnownFileType = sourcecode.swift; path = TimelineService.swift; sourceTree = "<group>"; };
		A27CE6082895088A002385F4 /* BottomLabelView.swift */ = {isa = PBXFileReference; lastKnownFileType = sourcecode.swift; path = BottomLabelView.swift; sourceTree = "<group>"; };
		A27CE60A28950D4F002385F4 /* RegisterViewController.swift */ = {isa = PBXFileReference; lastKnownFileType = sourcecode.swift; path = RegisterViewController.swift; sourceTree = "<group>"; };
		A27CE60C289517B9002385F4 /* TimelineViewModel.swift */ = {isa = PBXFileReference; lastKnownFileType = sourcecode.swift; path = TimelineViewModel.swift; sourceTree = "<group>"; };
		A27CE60E28954A0B002385F4 /* AddNewPostViewController.swift */ = {isa = PBXFileReference; lastKnownFileType = sourcecode.swift; path = AddNewPostViewController.swift; sourceTree = "<group>"; };
		A27CE611289575A2002385F4 /* FeedTableViewCell.swift */ = {isa = PBXFileReference; lastKnownFileType = sourcecode.swift; path = FeedTableViewCell.swift; sourceTree = "<group>"; };
		A27CE61328958066002385F4 /* DateX.swift */ = {isa = PBXFileReference; lastKnownFileType = sourcecode.swift; path = DateX.swift; sourceTree = "<group>"; };
		A27CE61728962C4A002385F4 /* PopoverViewController.swift */ = {isa = PBXFileReference; lastKnownFileType = sourcecode.swift; path = PopoverViewController.swift; sourceTree = "<group>"; };
		A2CE8B5428964FA7002DD5E3 /* TimelineRouter.swift */ = {isa = PBXFileReference; lastKnownFileType = sourcecode.swift; path = TimelineRouter.swift; sourceTree = "<group>"; };
		A2CE8B56289651BE002DD5E3 /* ThreedotMenu.swift */ = {isa = PBXFileReference; lastKnownFileType = sourcecode.swift; path = ThreedotMenu.swift; sourceTree = "<group>"; };
		A2CE8B5F28967819002DD5E3 /* ArrayX.swift */ = {isa = PBXFileReference; lastKnownFileType = sourcecode.swift; path = ArrayX.swift; sourceTree = "<group>"; };
		A2CE8B6228994647002DD5E3 /* ImagePicker.swift */ = {isa = PBXFileReference; lastKnownFileType = sourcecode.swift; path = ImagePicker.swift; sourceTree = "<group>"; };
		A2FEF242289C107E003E5BCB /* MockUserService.swift */ = {isa = PBXFileReference; fileEncoding = 4; lastKnownFileType = sourcecode.swift; path = MockUserService.swift; sourceTree = "<group>"; };
		A2FEF243289C107E003E5BCB /* MockFirebaseAuthService.swift */ = {isa = PBXFileReference; fileEncoding = 4; lastKnownFileType = sourcecode.swift; path = MockFirebaseAuthService.swift; sourceTree = "<group>"; };
		A2FEF247289C10C8003E5BCB /* AuthenticationViewModelTest.swift */ = {isa = PBXFileReference; lastKnownFileType = sourcecode.swift; path = AuthenticationViewModelTest.swift; sourceTree = "<group>"; };
/* End PBXFileReference section */

/* Begin PBXFrameworksBuildPhase section */
		A27CE5842894001C002385F4 /* Frameworks */ = {
			isa = PBXFrameworksBuildPhase;
			buildActionMask = 2147483647;
			files = (
				A21F7154289AA14C00048B2D /* Kingfisher in Frameworks */,
				A27CE5BF28940B0D002385F4 /* SnapKit in Frameworks */,
				A27CE5F72894F068002385F4 /* FirebaseAuth in Frameworks */,
				A27CE5F92894F068002385F4 /* FirebaseFirestore in Frameworks */,
				A21F7151289A9A2C00048B2D /* FirebaseStorage in Frameworks */,
				A27CE5FB2894F068002385F4 /* FirebaseFirestoreSwift in Frameworks */,
			);
			runOnlyForDeploymentPostprocessing = 0;
		};
		A27CE59A28940020002385F4 /* Frameworks */ = {
			isa = PBXFrameworksBuildPhase;
			buildActionMask = 2147483647;
			files = (
			);
			runOnlyForDeploymentPostprocessing = 0;
		};
/* End PBXFrameworksBuildPhase section */

/* Begin PBXGroup section */
		A21F714F289A9A2C00048B2D /* Frameworks */ = {
			isa = PBXGroup;
			children = (
			);
			name = Frameworks;
			sourceTree = "<group>";
		};
		A27CE57E2894001C002385F4 = {
			isa = PBXGroup;
			children = (
				A27CE5892894001C002385F4 /* Pika Pika */,
				A27CE5A028940020002385F4 /* Pika PikaTests */,
				A27CE5882894001C002385F4 /* Products */,
				A21F714F289A9A2C00048B2D /* Frameworks */,
			);
			sourceTree = "<group>";
		};
		A27CE5882894001C002385F4 /* Products */ = {
			isa = PBXGroup;
			children = (
				A27CE5872894001C002385F4 /* Pika Pika.app */,
				A27CE59D28940020002385F4 /* Pika PikaTests.xctest */,
			);
			name = Products;
			sourceTree = "<group>";
		};
		A27CE5892894001C002385F4 /* Pika Pika */ = {
			isa = PBXGroup;
			children = (
				A2CE8B6128994633002DD5E3 /* Utils */,
				A27CE5BA289407A8002385F4 /* Extensions */,
				A27CE5EB28945122002385F4 /* Components */,
				A2CE8B5128964E57002DD5E3 /* Routers */,
				A27CE5C728941E50002385F4 /* Services */,
				A27CE5D728943BDA002385F4 /* Models */,
				A27CE5D0289425D9002385F4 /* ViewModels */,
				A27CE5CF289425C2002385F4 /* Views */,
				A27CE58A2894001C002385F4 /* AppDelegate.swift */,
				A27CE59328940020002385F4 /* Assets.xcassets */,
				A27CE59528940020002385F4 /* LaunchScreen.storyboard */,
				A27CE5C528941A25002385F4 /* GoogleService-Info.plist */,
				A27CE59828940020002385F4 /* Info.plist */,
			);
			path = "Pika Pika";
			sourceTree = "<group>";
		};
		A27CE5A028940020002385F4 /* Pika PikaTests */ = {
			isa = PBXGroup;
			children = (
				A2FEF247289C10C8003E5BCB /* AuthenticationViewModelTest.swift */,
				A2FEF241289C107E003E5BCB /* Mocks */,
				A27CE5A128940020002385F4 /* Pika_PikaTests.swift */,
			);
			path = "Pika PikaTests";
			sourceTree = "<group>";
		};
		A27CE5BA289407A8002385F4 /* Extensions */ = {
			isa = PBXGroup;
			children = (
				A27CE5C02894106B002385F4 /* UIColorX.swift */,
				A27CE5DA28943D39002385F4 /* UIAlertX.swift */,
				A27CE5E528944830002385F4 /* UIViewX.swift */,
				A27CE5E728944C8E002385F4 /* UIWindowX.swift */,
				A27CE61328958066002385F4 /* DateX.swift */,
				A2CE8B5F28967819002DD5E3 /* ArrayX.swift */,
				A21F7157289AD57500048B2D /* UIButton+Indicator.swift */,
			);
			path = Extensions;
			sourceTree = "<group>";
		};
		A27CE5C728941E50002385F4 /* Services */ = {
			isa = PBXGroup;
			children = (
				A27CE5C828941E69002385F4 /* FirebaseAuthService.swift */,
				A27CE5FE2894F31F002385F4 /* UserService.swift */,
				A27CE6042894F82D002385F4 /* TimelineService.swift */,
				A21F714D289A9A0100048B2D /* ImageUploadService.swift */,
			);
			path = Services;
			sourceTree = "<group>";
		};
		A27CE5CF289425C2002385F4 /* Views */ = {
			isa = PBXGroup;
			children = (
				A27CE5E3289447A6002385F4 /* TabBarController.swift */,
				A27CE5E928944E8D002385F4 /* AccountViewController.swift */,
				A27CE60E28954A0B002385F4 /* AddNewPostViewController.swift */,
				A2CE8B58289653B7002DD5E3 /* Authentication */,
				A27CE6102895757E002385F4 /* Timeline */,
			);
			path = Views;
			sourceTree = "<group>";
		};
		A27CE5D0289425D9002385F4 /* ViewModels */ = {
			isa = PBXGroup;
			children = (
				A27CE5D1289425EE002385F4 /* AuthenticationViewModel.swift */,
				A27CE60C289517B9002385F4 /* TimelineViewModel.swift */,
				A21F7155289AAC7700048B2D /* AddNewPostViewModel.swift */,
			);
			path = ViewModels;
			sourceTree = "<group>";
		};
		A27CE5D728943BDA002385F4 /* Models */ = {
			isa = PBXGroup;
			children = (
				A27CE6002894F4CC002385F4 /* User.swift */,
				A27CE6022894F4FD002385F4 /* Feed.swift */,
				A27CE5D828943BF0002385F4 /* Error.swift */,
				A2CE8B56289651BE002DD5E3 /* ThreedotMenu.swift */,
			);
			path = Models;
			sourceTree = "<group>";
		};
		A27CE5EB28945122002385F4 /* Components */ = {
			isa = PBXGroup;
			children = (
				A27CE5EC28945167002385F4 /* PikachuButton.swift */,
				A27CE5EE2894C195002385F4 /* TextField.swift */,
				A27CE6082895088A002385F4 /* BottomLabelView.swift */,
				A27CE61728962C4A002385F4 /* PopoverViewController.swift */,
			);
			path = Components;
			sourceTree = "<group>";
		};
		A27CE6102895757E002385F4 /* Timeline */ = {
			isa = PBXGroup;
			children = (
				A27CE5DE2894430C002385F4 /* TimelineViewController.swift */,
				A27CE611289575A2002385F4 /* FeedTableViewCell.swift */,
			);
			path = Timeline;
			sourceTree = "<group>";
		};
		A2CE8B5128964E57002DD5E3 /* Routers */ = {
			isa = PBXGroup;
			children = (
				A2CE8B5428964FA7002DD5E3 /* TimelineRouter.swift */,
			);
			path = Routers;
			sourceTree = "<group>";
		};
		A2CE8B58289653B7002DD5E3 /* Authentication */ = {
			isa = PBXGroup;
			children = (
				A27CE58E2894001C002385F4 /* LoginViewController.swift */,
				A27CE60A28950D4F002385F4 /* RegisterViewController.swift */,
			);
			path = Authentication;
			sourceTree = "<group>";
		};
		A2CE8B6128994633002DD5E3 /* Utils */ = {
			isa = PBXGroup;
			children = (
				A27CE5D5289438A3002385F4 /* UIControlEventHandler.swift */,
				A2CE8B6228994647002DD5E3 /* ImagePicker.swift */,
			);
			path = Utils;
			sourceTree = "<group>";
		};
		A2FEF241289C107E003E5BCB /* Mocks */ = {
			isa = PBXGroup;
			children = (
				A2FEF242289C107E003E5BCB /* MockUserService.swift */,
				A2FEF243289C107E003E5BCB /* MockFirebaseAuthService.swift */,
			);
			path = Mocks;
			sourceTree = "<group>";
		};
/* End PBXGroup section */

/* Begin PBXNativeTarget section */
		A27CE5862894001C002385F4 /* Pika Pika */ = {
			isa = PBXNativeTarget;
			buildConfigurationList = A27CE5B128940020002385F4 /* Build configuration list for PBXNativeTarget "Pika Pika" */;
			buildPhases = (
				A27CE5832894001C002385F4 /* Sources */,
				A27CE5842894001C002385F4 /* Frameworks */,
				A27CE5852894001C002385F4 /* Resources */,
			);
			buildRules = (
			);
			dependencies = (
			);
			name = "Pika Pika";
			packageProductDependencies = (
				A27CE5BE28940B0D002385F4 /* SnapKit */,
				A27CE5F62894F068002385F4 /* FirebaseAuth */,
				A27CE5F82894F068002385F4 /* FirebaseFirestore */,
				A27CE5FA2894F068002385F4 /* FirebaseFirestoreSwift */,
				A21F7150289A9A2C00048B2D /* FirebaseStorage */,
				A21F7153289AA14C00048B2D /* Kingfisher */,
			);
			productName = "Pika Pika";
			productReference = A27CE5872894001C002385F4 /* Pika Pika.app */;
			productType = "com.apple.product-type.application";
		};
		A27CE59C28940020002385F4 /* Pika PikaTests */ = {
			isa = PBXNativeTarget;
			buildConfigurationList = A27CE5B428940020002385F4 /* Build configuration list for PBXNativeTarget "Pika PikaTests" */;
			buildPhases = (
				A27CE59928940020002385F4 /* Sources */,
				A27CE59A28940020002385F4 /* Frameworks */,
				A27CE59B28940020002385F4 /* Resources */,
			);
			buildRules = (
			);
			dependencies = (
				A27CE59F28940020002385F4 /* PBXTargetDependency */,
			);
			name = "Pika PikaTests";
			productName = "Pika PikaTests";
			productReference = A27CE59D28940020002385F4 /* Pika PikaTests.xctest */;
			productType = "com.apple.product-type.bundle.unit-test";
		};
/* End PBXNativeTarget section */

/* Begin PBXProject section */
		A27CE57F2894001C002385F4 /* Project object */ = {
			isa = PBXProject;
			attributes = {
				BuildIndependentTargetsInParallel = 1;
				LastSwiftUpdateCheck = 1340;
				LastUpgradeCheck = 1340;
				TargetAttributes = {
					A27CE5862894001C002385F4 = {
						CreatedOnToolsVersion = 13.4;
					};
					A27CE59C28940020002385F4 = {
						CreatedOnToolsVersion = 13.4;
						TestTargetID = A27CE5862894001C002385F4;
					};
				};
			};
			buildConfigurationList = A27CE5822894001C002385F4 /* Build configuration list for PBXProject "Pika Pika" */;
			compatibilityVersion = "Xcode 13.0";
			developmentRegion = en;
			hasScannedForEncodings = 0;
			knownRegions = (
				en,
				Base,
			);
			mainGroup = A27CE57E2894001C002385F4;
			packageReferences = (
				A27CE5BD28940B0D002385F4 /* XCRemoteSwiftPackageReference "SnapKit" */,
				A27CE5F52894F068002385F4 /* XCRemoteSwiftPackageReference "firebase-ios-sdk" */,
				A21F7152289AA14C00048B2D /* XCRemoteSwiftPackageReference "Kingfisher" */,
			);
			productRefGroup = A27CE5882894001C002385F4 /* Products */;
			projectDirPath = "";
			projectRoot = "";
			targets = (
				A27CE5862894001C002385F4 /* Pika Pika */,
				A27CE59C28940020002385F4 /* Pika PikaTests */,
			);
		};
/* End PBXProject section */

/* Begin PBXResourcesBuildPhase section */
		A27CE5852894001C002385F4 /* Resources */ = {
			isa = PBXResourcesBuildPhase;
			buildActionMask = 2147483647;
			files = (
				A27CE59728940020002385F4 /* LaunchScreen.storyboard in Resources */,
				A27CE5C628941A25002385F4 /* GoogleService-Info.plist in Resources */,
				A27CE59428940020002385F4 /* Assets.xcassets in Resources */,
			);
			runOnlyForDeploymentPostprocessing = 0;
		};
		A27CE59B28940020002385F4 /* Resources */ = {
			isa = PBXResourcesBuildPhase;
			buildActionMask = 2147483647;
			files = (
			);
			runOnlyForDeploymentPostprocessing = 0;
		};
/* End PBXResourcesBuildPhase section */

/* Begin PBXSourcesBuildPhase section */
		A27CE5832894001C002385F4 /* Sources */ = {
			isa = PBXSourcesBuildPhase;
			buildActionMask = 2147483647;
			files = (
				A27CE58F2894001C002385F4 /* LoginViewController.swift in Sources */,
				A27CE612289575A2002385F4 /* FeedTableViewCell.swift in Sources */,
				A27CE5ED28945167002385F4 /* PikachuButton.swift in Sources */,
				A27CE5D6289438A3002385F4 /* UIControlEventHandler.swift in Sources */,
				A2CE8B6028967819002DD5E3 /* ArrayX.swift in Sources */,
				A27CE5EF2894C195002385F4 /* TextField.swift in Sources */,
				A27CE6052894F82D002385F4 /* TimelineService.swift in Sources */,
				A27CE60F28954A0B002385F4 /* AddNewPostViewController.swift in Sources */,
				A21F7158289AD57500048B2D /* UIButton+Indicator.swift in Sources */,
				A27CE5EA28944E8D002385F4 /* AccountViewController.swift in Sources */,
				A27CE5E628944830002385F4 /* UIViewX.swift in Sources */,
				A27CE5E828944C8E002385F4 /* UIWindowX.swift in Sources */,
				A21F714E289A9A0100048B2D /* ImageUploadService.swift in Sources */,
				A27CE6012894F4CC002385F4 /* User.swift in Sources */,
				A27CE60B28950D4F002385F4 /* RegisterViewController.swift in Sources */,
				A27CE5D2289425EE002385F4 /* AuthenticationViewModel.swift in Sources */,
				A27CE5E4289447A6002385F4 /* TabBarController.swift in Sources */,
				A27CE5C928941E69002385F4 /* FirebaseAuthService.swift in Sources */,
				A27CE61828962C4A002385F4 /* PopoverViewController.swift in Sources */,
				A27CE58B2894001C002385F4 /* AppDelegate.swift in Sources */,
				A27CE5D928943BF0002385F4 /* Error.swift in Sources */,
				A27CE5FF2894F31F002385F4 /* UserService.swift in Sources */,
				A2CE8B5528964FA7002DD5E3 /* TimelineRouter.swift in Sources */,
				A27CE5C12894106B002385F4 /* UIColorX.swift in Sources */,
				A2CE8B6328994647002DD5E3 /* ImagePicker.swift in Sources */,
				A2CE8B57289651BE002DD5E3 /* ThreedotMenu.swift in Sources */,
				A27CE60D289517B9002385F4 /* TimelineViewModel.swift in Sources */,
				A21F7156289AAC7700048B2D /* AddNewPostViewModel.swift in Sources */,
				A27CE61428958066002385F4 /* DateX.swift in Sources */,
				A27CE6092895088A002385F4 /* BottomLabelView.swift in Sources */,
				A27CE6032894F4FD002385F4 /* Feed.swift in Sources */,
				A27CE5DB28943D39002385F4 /* UIAlertX.swift in Sources */,
				A27CE5DF2894430C002385F4 /* TimelineViewController.swift in Sources */,
			);
			runOnlyForDeploymentPostprocessing = 0;
		};
		A27CE59928940020002385F4 /* Sources */ = {
			isa = PBXSourcesBuildPhase;
			buildActionMask = 2147483647;
			files = (
				A2FEF245289C107E003E5BCB /* MockUserService.swift in Sources */,
				A27CE5A228940020002385F4 /* Pika_PikaTests.swift in Sources */,
				A2FEF246289C107E003E5BCB /* MockFirebaseAuthService.swift in Sources */,
				A2FEF248289C10C8003E5BCB /* AuthenticationViewModelTest.swift in Sources */,
			);
			runOnlyForDeploymentPostprocessing = 0;
		};
/* End PBXSourcesBuildPhase section */

/* Begin PBXTargetDependency section */
		A27CE59F28940020002385F4 /* PBXTargetDependency */ = {
			isa = PBXTargetDependency;
			target = A27CE5862894001C002385F4 /* Pika Pika */;
			targetProxy = A27CE59E28940020002385F4 /* PBXContainerItemProxy */;
		};
/* End PBXTargetDependency section */

/* Begin PBXVariantGroup section */
		A27CE59528940020002385F4 /* LaunchScreen.storyboard */ = {
			isa = PBXVariantGroup;
			children = (
				A27CE59628940020002385F4 /* Base */,
			);
			name = LaunchScreen.storyboard;
			sourceTree = "<group>";
		};
/* End PBXVariantGroup section */

/* Begin XCBuildConfiguration section */
		A27CE5AF28940020002385F4 /* Debug */ = {
			isa = XCBuildConfiguration;
			buildSettings = {
				ALWAYS_SEARCH_USER_PATHS = NO;
				CLANG_ANALYZER_NONNULL = YES;
				CLANG_ANALYZER_NUMBER_OBJECT_CONVERSION = YES_AGGRESSIVE;
				CLANG_CXX_LANGUAGE_STANDARD = "gnu++17";
				CLANG_ENABLE_MODULES = YES;
				CLANG_ENABLE_OBJC_ARC = YES;
				CLANG_ENABLE_OBJC_WEAK = YES;
				CLANG_WARN_BLOCK_CAPTURE_AUTORELEASING = YES;
				CLANG_WARN_BOOL_CONVERSION = YES;
				CLANG_WARN_COMMA = YES;
				CLANG_WARN_CONSTANT_CONVERSION = YES;
				CLANG_WARN_DEPRECATED_OBJC_IMPLEMENTATIONS = YES;
				CLANG_WARN_DIRECT_OBJC_ISA_USAGE = YES_ERROR;
				CLANG_WARN_DOCUMENTATION_COMMENTS = YES;
				CLANG_WARN_EMPTY_BODY = YES;
				CLANG_WARN_ENUM_CONVERSION = YES;
				CLANG_WARN_INFINITE_RECURSION = YES;
				CLANG_WARN_INT_CONVERSION = YES;
				CLANG_WARN_NON_LITERAL_NULL_CONVERSION = YES;
				CLANG_WARN_OBJC_IMPLICIT_RETAIN_SELF = YES;
				CLANG_WARN_OBJC_LITERAL_CONVERSION = YES;
				CLANG_WARN_OBJC_ROOT_CLASS = YES_ERROR;
				CLANG_WARN_QUOTED_INCLUDE_IN_FRAMEWORK_HEADER = YES;
				CLANG_WARN_RANGE_LOOP_ANALYSIS = YES;
				CLANG_WARN_STRICT_PROTOTYPES = YES;
				CLANG_WARN_SUSPICIOUS_MOVE = YES;
				CLANG_WARN_UNGUARDED_AVAILABILITY = YES_AGGRESSIVE;
				CLANG_WARN_UNREACHABLE_CODE = YES;
				CLANG_WARN__DUPLICATE_METHOD_MATCH = YES;
				COPY_PHASE_STRIP = NO;
				DEBUG_INFORMATION_FORMAT = dwarf;
				ENABLE_STRICT_OBJC_MSGSEND = YES;
				ENABLE_TESTABILITY = YES;
				GCC_C_LANGUAGE_STANDARD = gnu11;
				GCC_DYNAMIC_NO_PIC = NO;
				GCC_NO_COMMON_BLOCKS = YES;
				GCC_OPTIMIZATION_LEVEL = 0;
				GCC_PREPROCESSOR_DEFINITIONS = (
					"DEBUG=1",
					"$(inherited)",
				);
				GCC_WARN_64_TO_32_BIT_CONVERSION = YES;
				GCC_WARN_ABOUT_RETURN_TYPE = YES_ERROR;
				GCC_WARN_UNDECLARED_SELECTOR = YES;
				GCC_WARN_UNINITIALIZED_AUTOS = YES_AGGRESSIVE;
				GCC_WARN_UNUSED_FUNCTION = YES;
				GCC_WARN_UNUSED_VARIABLE = YES;
				IPHONEOS_DEPLOYMENT_TARGET = 15.0;
				MTL_ENABLE_DEBUG_INFO = INCLUDE_SOURCE;
				MTL_FAST_MATH = YES;
				ONLY_ACTIVE_ARCH = YES;
				SDKROOT = iphoneos;
				SWIFT_ACTIVE_COMPILATION_CONDITIONS = DEBUG;
				SWIFT_OPTIMIZATION_LEVEL = "-Onone";
			};
			name = Debug;
		};
		A27CE5B028940020002385F4 /* Release */ = {
			isa = XCBuildConfiguration;
			buildSettings = {
				ALWAYS_SEARCH_USER_PATHS = NO;
				CLANG_ANALYZER_NONNULL = YES;
				CLANG_ANALYZER_NUMBER_OBJECT_CONVERSION = YES_AGGRESSIVE;
				CLANG_CXX_LANGUAGE_STANDARD = "gnu++17";
				CLANG_ENABLE_MODULES = YES;
				CLANG_ENABLE_OBJC_ARC = YES;
				CLANG_ENABLE_OBJC_WEAK = YES;
				CLANG_WARN_BLOCK_CAPTURE_AUTORELEASING = YES;
				CLANG_WARN_BOOL_CONVERSION = YES;
				CLANG_WARN_COMMA = YES;
				CLANG_WARN_CONSTANT_CONVERSION = YES;
				CLANG_WARN_DEPRECATED_OBJC_IMPLEMENTATIONS = YES;
				CLANG_WARN_DIRECT_OBJC_ISA_USAGE = YES_ERROR;
				CLANG_WARN_DOCUMENTATION_COMMENTS = YES;
				CLANG_WARN_EMPTY_BODY = YES;
				CLANG_WARN_ENUM_CONVERSION = YES;
				CLANG_WARN_INFINITE_RECURSION = YES;
				CLANG_WARN_INT_CONVERSION = YES;
				CLANG_WARN_NON_LITERAL_NULL_CONVERSION = YES;
				CLANG_WARN_OBJC_IMPLICIT_RETAIN_SELF = YES;
				CLANG_WARN_OBJC_LITERAL_CONVERSION = YES;
				CLANG_WARN_OBJC_ROOT_CLASS = YES_ERROR;
				CLANG_WARN_QUOTED_INCLUDE_IN_FRAMEWORK_HEADER = YES;
				CLANG_WARN_RANGE_LOOP_ANALYSIS = YES;
				CLANG_WARN_STRICT_PROTOTYPES = YES;
				CLANG_WARN_SUSPICIOUS_MOVE = YES;
				CLANG_WARN_UNGUARDED_AVAILABILITY = YES_AGGRESSIVE;
				CLANG_WARN_UNREACHABLE_CODE = YES;
				CLANG_WARN__DUPLICATE_METHOD_MATCH = YES;
				COPY_PHASE_STRIP = NO;
				DEBUG_INFORMATION_FORMAT = "dwarf-with-dsym";
				ENABLE_NS_ASSERTIONS = NO;
				ENABLE_STRICT_OBJC_MSGSEND = YES;
				GCC_C_LANGUAGE_STANDARD = gnu11;
				GCC_NO_COMMON_BLOCKS = YES;
				GCC_WARN_64_TO_32_BIT_CONVERSION = YES;
				GCC_WARN_ABOUT_RETURN_TYPE = YES_ERROR;
				GCC_WARN_UNDECLARED_SELECTOR = YES;
				GCC_WARN_UNINITIALIZED_AUTOS = YES_AGGRESSIVE;
				GCC_WARN_UNUSED_FUNCTION = YES;
				GCC_WARN_UNUSED_VARIABLE = YES;
				IPHONEOS_DEPLOYMENT_TARGET = 15.0;
				MTL_ENABLE_DEBUG_INFO = NO;
				MTL_FAST_MATH = YES;
				SDKROOT = iphoneos;
				SWIFT_COMPILATION_MODE = wholemodule;
				SWIFT_OPTIMIZATION_LEVEL = "-O";
				VALIDATE_PRODUCT = YES;
			};
			name = Release;
		};
		A27CE5B228940020002385F4 /* Debug */ = {
			isa = XCBuildConfiguration;
			buildSettings = {
				ASSETCATALOG_COMPILER_APPICON_NAME = AppIcon;
				ASSETCATALOG_COMPILER_GLOBAL_ACCENT_COLOR_NAME = AccentColor;
				CODE_SIGN_STYLE = Automatic;
				CURRENT_PROJECT_VERSION = 1;
				DEVELOPMENT_TEAM = MM23294F8G;
				GENERATE_INFOPLIST_FILE = YES;
				INFOPLIST_FILE = "Pika Pika/Info.plist";
				INFOPLIST_KEY_NSCameraUsageDescription = "Pika Pika would like to access your camera.";
				INFOPLIST_KEY_NSPhotoLibraryUsageDescription = "Pika Pika would like to access your photos.";
				INFOPLIST_KEY_UIApplicationSupportsIndirectInputEvents = YES;
				INFOPLIST_KEY_UILaunchStoryboardName = LaunchScreen;
				INFOPLIST_KEY_UISupportedInterfaceOrientations_iPad = "UIInterfaceOrientationPortrait UIInterfaceOrientationPortraitUpsideDown UIInterfaceOrientationLandscapeLeft UIInterfaceOrientationLandscapeRight";
				INFOPLIST_KEY_UISupportedInterfaceOrientations_iPhone = "UIInterfaceOrientationPortrait UIInterfaceOrientationLandscapeLeft UIInterfaceOrientationLandscapeRight";
				LD_RUNPATH_SEARCH_PATHS = (
					"$(inherited)",
					"@executable_path/Frameworks",
				);
				MARKETING_VERSION = 1.0;
				PRODUCT_BUNDLE_IDENTIFIER = "koing.dev.Pika-Pika";
				PRODUCT_NAME = "$(TARGET_NAME)";
				SWIFT_EMIT_LOC_STRINGS = YES;
				SWIFT_VERSION = 5.0;
				TARGETED_DEVICE_FAMILY = "1,2";
			};
			name = Debug;
		};
		A27CE5B328940020002385F4 /* Release */ = {
			isa = XCBuildConfiguration;
			buildSettings = {
				ASSETCATALOG_COMPILER_APPICON_NAME = AppIcon;
				ASSETCATALOG_COMPILER_GLOBAL_ACCENT_COLOR_NAME = AccentColor;
				CODE_SIGN_STYLE = Automatic;
				CURRENT_PROJECT_VERSION = 1;
				DEVELOPMENT_TEAM = MM23294F8G;
				GENERATE_INFOPLIST_FILE = YES;
				INFOPLIST_FILE = "Pika Pika/Info.plist";
				INFOPLIST_KEY_NSCameraUsageDescription = "Pika Pika would like to access your camera.";
				INFOPLIST_KEY_NSPhotoLibraryUsageDescription = "Pika Pika would like to access your photos.";
				INFOPLIST_KEY_UIApplicationSupportsIndirectInputEvents = YES;
				INFOPLIST_KEY_UILaunchStoryboardName = LaunchScreen;
				INFOPLIST_KEY_UISupportedInterfaceOrientations_iPad = "UIInterfaceOrientationPortrait UIInterfaceOrientationPortraitUpsideDown UIInterfaceOrientationLandscapeLeft UIInterfaceOrientationLandscapeRight";
				INFOPLIST_KEY_UISupportedInterfaceOrientations_iPhone = "UIInterfaceOrientationPortrait UIInterfaceOrientationLandscapeLeft UIInterfaceOrientationLandscapeRight";
				LD_RUNPATH_SEARCH_PATHS = (
					"$(inherited)",
					"@executable_path/Frameworks",
				);
				MARKETING_VERSION = 1.0;
				PRODUCT_BUNDLE_IDENTIFIER = "koing.dev.Pika-Pika";
				PRODUCT_NAME = "$(TARGET_NAME)";
				SWIFT_EMIT_LOC_STRINGS = YES;
				SWIFT_VERSION = 5.0;
				TARGETED_DEVICE_FAMILY = "1,2";
			};
			name = Release;
		};
		A27CE5B528940020002385F4 /* Debug */ = {
			isa = XCBuildConfiguration;
			buildSettings = {
				ALWAYS_EMBED_SWIFT_STANDARD_LIBRARIES = YES;
				BUNDLE_LOADER = "$(TEST_HOST)";
				CODE_SIGN_STYLE = Automatic;
				CURRENT_PROJECT_VERSION = 1;
				DEVELOPMENT_TEAM = MM23294F8G;
				GENERATE_INFOPLIST_FILE = YES;
				IPHONEOS_DEPLOYMENT_TARGET = 15.5;
				MARKETING_VERSION = 1.0;
				PRODUCT_BUNDLE_IDENTIFIER = "koing.dev.Pika-PikaTests";
				PRODUCT_NAME = "$(TARGET_NAME)";
				SWIFT_EMIT_LOC_STRINGS = NO;
				SWIFT_VERSION = 5.0;
				TARGETED_DEVICE_FAMILY = "1,2";
				TEST_HOST = "$(BUILT_PRODUCTS_DIR)/Pika Pika.app/Pika Pika";
			};
			name = Debug;
		};
		A27CE5B628940020002385F4 /* Release */ = {
			isa = XCBuildConfiguration;
			buildSettings = {
				ALWAYS_EMBED_SWIFT_STANDARD_LIBRARIES = YES;
				BUNDLE_LOADER = "$(TEST_HOST)";
				CODE_SIGN_STYLE = Automatic;
				CURRENT_PROJECT_VERSION = 1;
				DEVELOPMENT_TEAM = MM23294F8G;
				GENERATE_INFOPLIST_FILE = YES;
				IPHONEOS_DEPLOYMENT_TARGET = 15.5;
				MARKETING_VERSION = 1.0;
				PRODUCT_BUNDLE_IDENTIFIER = "koing.dev.Pika-PikaTests";
				PRODUCT_NAME = "$(TARGET_NAME)";
				SWIFT_EMIT_LOC_STRINGS = NO;
				SWIFT_VERSION = 5.0;
				TARGETED_DEVICE_FAMILY = "1,2";
				TEST_HOST = "$(BUILT_PRODUCTS_DIR)/Pika Pika.app/Pika Pika";
			};
			name = Release;
		};
/* End XCBuildConfiguration section */

/* Begin XCConfigurationList section */
		A27CE5822894001C002385F4 /* Build configuration list for PBXProject "Pika Pika" */ = {
			isa = XCConfigurationList;
			buildConfigurations = (
				A27CE5AF28940020002385F4 /* Debug */,
				A27CE5B028940020002385F4 /* Release */,
			);
			defaultConfigurationIsVisible = 0;
			defaultConfigurationName = Release;
		};
		A27CE5B128940020002385F4 /* Build configuration list for PBXNativeTarget "Pika Pika" */ = {
			isa = XCConfigurationList;
			buildConfigurations = (
				A27CE5B228940020002385F4 /* Debug */,
				A27CE5B328940020002385F4 /* Release */,
			);
			defaultConfigurationIsVisible = 0;
			defaultConfigurationName = Release;
		};
		A27CE5B428940020002385F4 /* Build configuration list for PBXNativeTarget "Pika PikaTests" */ = {
			isa = XCConfigurationList;
			buildConfigurations = (
				A27CE5B528940020002385F4 /* Debug */,
				A27CE5B628940020002385F4 /* Release */,
			);
			defaultConfigurationIsVisible = 0;
			defaultConfigurationName = Release;
		};
/* End XCConfigurationList section */

/* Begin XCRemoteSwiftPackageReference section */
		A21F7152289AA14C00048B2D /* XCRemoteSwiftPackageReference "Kingfisher" */ = {
			isa = XCRemoteSwiftPackageReference;
			repositoryURL = "https://github.com/onevcat/Kingfisher.git";
			requirement = {
				kind = upToNextMajorVersion;
				minimumVersion = 7.0.0;
			};
		};
		A27CE5BD28940B0D002385F4 /* XCRemoteSwiftPackageReference "SnapKit" */ = {
			isa = XCRemoteSwiftPackageReference;
			repositoryURL = "https://github.com/SnapKit/SnapKit.git";
			requirement = {
				kind = upToNextMajorVersion;
				minimumVersion = 5.0.1;
			};
		};
		A27CE5F52894F068002385F4 /* XCRemoteSwiftPackageReference "firebase-ios-sdk" */ = {
			isa = XCRemoteSwiftPackageReference;
			repositoryURL = "https://github.com/firebase/firebase-ios-sdk";
			requirement = {
				kind = upToNextMajorVersion;
				minimumVersion = 9.0.0;
			};
		};
/* End XCRemoteSwiftPackageReference section */

/* Begin XCSwiftPackageProductDependency section */
		A21F7150289A9A2C00048B2D /* FirebaseStorage */ = {
			isa = XCSwiftPackageProductDependency;
			package = A27CE5F52894F068002385F4 /* XCRemoteSwiftPackageReference "firebase-ios-sdk" */;
			productName = FirebaseStorage;
		};
		A21F7153289AA14C00048B2D /* Kingfisher */ = {
			isa = XCSwiftPackageProductDependency;
			package = A21F7152289AA14C00048B2D /* XCRemoteSwiftPackageReference "Kingfisher" */;
			productName = Kingfisher;
		};
		A27CE5BE28940B0D002385F4 /* SnapKit */ = {
			isa = XCSwiftPackageProductDependency;
			package = A27CE5BD28940B0D002385F4 /* XCRemoteSwiftPackageReference "SnapKit" */;
			productName = SnapKit;
		};
		A27CE5F62894F068002385F4 /* FirebaseAuth */ = {
			isa = XCSwiftPackageProductDependency;
			package = A27CE5F52894F068002385F4 /* XCRemoteSwiftPackageReference "firebase-ios-sdk" */;
			productName = FirebaseAuth;
		};
		A27CE5F82894F068002385F4 /* FirebaseFirestore */ = {
			isa = XCSwiftPackageProductDependency;
			package = A27CE5F52894F068002385F4 /* XCRemoteSwiftPackageReference "firebase-ios-sdk" */;
			productName = FirebaseFirestore;
		};
		A27CE5FA2894F068002385F4 /* FirebaseFirestoreSwift */ = {
			isa = XCSwiftPackageProductDependency;
			package = A27CE5F52894F068002385F4 /* XCRemoteSwiftPackageReference "firebase-ios-sdk" */;
			productName = FirebaseFirestoreSwift;
		};
/* End XCSwiftPackageProductDependency section */
	};
	rootObject = A27CE57F2894001C002385F4 /* Project object */;
}
